
Microsoft Visual Studio Solution File, Format Version 12.00
# Visual Studio Version 16
VisualStudioVersion = 16.0.29728.190
MinimumVisualStudioVersion = 10.0.40219.1
Project("{2150E333-8FDC-42A3-9474-1A3956D46DE8}") = "src", "src", "{C407B751-D375-4CA3-9E06-BCBDC107809A}"
EndProject
Project("{9A19103F-16F7-4668-BE54-9A1E7A4F7556}") = "OfflineMessaging.Api", "src\OfflineMessaging.Api\OfflineMessaging.Api.csproj", "{0C411431-3205-4B9A-BA9D-7C040B0001CB}"
EndProject
Project("{E53339B2-1760-4266-BCC7-CA923CBCF16C}") = "docker-compose", "docker-compose.dcproj", "{147438C4-89AB-4A53-8363-8B34C862406A}"
EndProject
Project("{9A19103F-16F7-4668-BE54-9A1E7A4F7556}") = "OfflineMessaging.Domain", "src\OfflineMessaging.Domain\OfflineMessaging.Domain.csproj", "{8518E616-B2A4-4373-A09A-36E359D91A81}"
EndProject
Project("{9A19103F-16F7-4668-BE54-9A1E7A4F7556}") = "OfflineMessaging.Infrastructure", "src\OfflineMessaging.Infrastructure\OfflineMessaging.Infrastructure.csproj", "{AD33BCB3-908E-41E5-B74C-C18126D2F2B4}"
EndProject
Project("{2150E333-8FDC-42A3-9474-1A3956D46DE8}") = "tests", "tests", "{2B12668A-2F1E-40C5-92F6-2A1447587A67}"
EndProject
Project("{9A19103F-16F7-4668-BE54-9A1E7A4F7556}") = "OfflineMessaging.Infrastructure.Tests", "tests\OfflineMessaging.Infrastructure.Tests\OfflineMessaging.Infrastructure.Tests.csproj", "{46AE600D-2850-4646-B357-2EE049A392B5}"
EndProject
Project("{FAE04EC0-301F-11D3-BF4B-00C04F79EFBC}") = "OfflineMessaging.Api.IntegrationTests", "tests\OfflineMessaging.Api.IntegrationTests\OfflineMessaging.Api.IntegrationTests.csproj", "{9344E24B-6447-4C11-AB62-CB82D24586C9}"
EndProject
Project("{FAE04EC0-301F-11D3-BF4B-00C04F79EFBC}") = "OfflineMessaging.Api.ServicesTests", "tests\OfflineMessaging.Api.ServicesTests\OfflineMessaging.Api.ServicesTests.csproj", "{2B165D0A-7690-4831-B1EC-797B9C85314E}"
EndProject
Global
	GlobalSection(SolutionConfigurationPlatforms) = preSolution
		Debug|Any CPU = Debug|Any CPU
		Release|Any CPU = Release|Any CPU
	EndGlobalSection
	GlobalSection(ProjectConfigurationPlatforms) = postSolution
		{0C411431-3205-4B9A-BA9D-7C040B0001CB}.Debug|Any CPU.ActiveCfg = Debug|Any CPU
		{0C411431-3205-4B9A-BA9D-7C040B0001CB}.Debug|Any CPU.Build.0 = Debug|Any CPU
		{0C411431-3205-4B9A-BA9D-7C040B0001CB}.Release|Any CPU.ActiveCfg = Release|Any CPU
		{0C411431-3205-4B9A-BA9D-7C040B0001CB}.Release|Any CPU.Build.0 = Release|Any CPU
		{147438C4-89AB-4A53-8363-8B34C862406A}.Debug|Any CPU.ActiveCfg = Debug|Any CPU
		{147438C4-89AB-4A53-8363-8B34C862406A}.Debug|Any CPU.Build.0 = Debug|Any CPU
		{147438C4-89AB-4A53-8363-8B34C862406A}.Release|Any CPU.ActiveCfg = Release|Any CPU
		{147438C4-89AB-4A53-8363-8B34C862406A}.Release|Any CPU.Build.0 = Release|Any CPU
		{8518E616-B2A4-4373-A09A-36E359D91A81}.Debug|Any CPU.ActiveCfg = Debug|Any CPU
		{8518E616-B2A4-4373-A09A-36E359D91A81}.Debug|Any CPU.Build.0 = Debug|Any CPU
		{8518E616-B2A4-4373-A09A-36E359D91A81}.Release|Any CPU.ActiveCfg = Release|Any CPU
		{8518E616-B2A4-4373-A09A-36E359D91A81}.Release|Any CPU.Build.0 = Release|Any CPU
		{AD33BCB3-908E-41E5-B74C-C18126D2F2B4}.Debug|Any CPU.ActiveCfg = Debug|Any CPU
		{AD33BCB3-908E-41E5-B74C-C18126D2F2B4}.Debug|Any CPU.Build.0 = Debug|Any CPU
		{AD33BCB3-908E-41E5-B74C-C18126D2F2B4}.Release|Any CPU.ActiveCfg = Release|Any CPU
		{AD33BCB3-908E-41E5-B74C-C18126D2F2B4}.Release|Any CPU.Build.0 = Release|Any CPU
		{46AE600D-2850-4646-B357-2EE049A392B5}.Debug|Any CPU.ActiveCfg = Debug|Any CPU
		{46AE600D-2850-4646-B357-2EE049A392B5}.Debug|Any CPU.Build.0 = Debug|Any CPU
		{46AE600D-2850-4646-B357-2EE049A392B5}.Release|Any CPU.ActiveCfg = Release|Any CPU
		{46AE600D-2850-4646-B357-2EE049A392B5}.Release|Any CPU.Build.0 = Release|Any CPU
		{9344E24B-6447-4C11-AB62-CB82D24586C9}.Debug|Any CPU.ActiveCfg = Debug|Any CPU
		{9344E24B-6447-4C11-AB62-CB82D24586C9}.Debug|Any CPU.Build.0 = Debug|Any CPU
		{9344E24B-6447-4C11-AB62-CB82D24586C9}.Release|Any CPU.ActiveCfg = Release|Any CPU
		{9344E24B-6447-4C11-AB62-CB82D24586C9}.Release|Any CPU.Build.0 = Release|Any CPU
		{2B165D0A-7690-4831-B1EC-797B9C85314E}.Debug|Any CPU.ActiveCfg = Debug|Any CPU
		{2B165D0A-7690-4831-B1EC-797B9C85314E}.Debug|Any CPU.Build.0 = Debug|Any CPU
		{2B165D0A-7690-4831-B1EC-797B9C85314E}.Release|Any CPU.ActiveCfg = Release|Any CPU
		{2B165D0A-7690-4831-B1EC-797B9C85314E}.Release|Any CPU.Build.0 = Release|Any CPU
	EndGlobalSection
	GlobalSection(SolutionProperties) = preSolution
		HideSolutionNode = FALSE
	EndGlobalSection
	GlobalSection(NestedProjects) = preSolution
		{0C411431-3205-4B9A-BA9D-7C040B0001CB} = {C407B751-D375-4CA3-9E06-BCBDC107809A}
		{8518E616-B2A4-4373-A09A-36E359D91A81} = {C407B751-D375-4CA3-9E06-BCBDC107809A}
		{AD33BCB3-908E-41E5-B74C-C18126D2F2B4} = {C407B751-D375-4CA3-9E06-BCBDC107809A}
		{46AE600D-2850-4646-B357-2EE049A392B5} = {2B12668A-2F1E-40C5-92F6-2A1447587A67}
		{9344E24B-6447-4C11-AB62-CB82D24586C9} = {2B12668A-2F1E-40C5-92F6-2A1447587A67}
		{2B165D0A-7690-4831-B1EC-797B9C85314E} = {2B12668A-2F1E-40C5-92F6-2A1447587A67}
	EndGlobalSection
	GlobalSection(ExtensibilityGlobals) = postSolution
		SolutionGuid = {72B47600-8585-4B67-94CA-24288FA4E68C}
	EndGlobalSection
EndGlobal
